
Microsoft Visual Studio Solution File, Format Version 12.00
# Visual Studio 2013
VisualStudioVersion = 12.0.30723.0
MinimumVisualStudioVersion = 10.0.40219.1
Project("{FAE04EC0-301F-11D3-BF4B-00C04F79EFBC}") = "GIMS.Web", "GIMS.Web\GIMS.Web.csproj", "{7F1C55B4-788E-4F81-9648-1F6B78A512D2}"
EndProject
Project("{2150E333-8FDC-42A3-9474-1A3956D46DE8}") = ".nuget", ".nuget", "{962AE3A5-283D-4356-85AB-8A2504854A4F}"
	ProjectSection(SolutionItems) = preProject
		.nuget\NuGet.Config = .nuget\NuGet.Config
		.nuget\NuGet.exe = .nuget\NuGet.exe
		.nuget\NuGet.targets = .nuget\NuGet.targets
	EndProjectSection
EndProject
Project("{FAE04EC0-301F-11D3-BF4B-00C04F79EFBC}") = "CNC.Core", "CNC.Core\CNC.Core.csproj", "{EDB164D8-9B39-4A1B-81C2-A6F1F45DAD6C}"
EndProject
Project("{FAE04EC0-301F-11D3-BF4B-00C04F79EFBC}") = "GIMS.Entities", "GIMS.Entites\GIMS.Entities.csproj", "{1913DC9A-E4C9-4FAB-BED0-88E0B525877D}"
EndProject
Project("{FAE04EC0-301F-11D3-BF4B-00C04F79EFBC}") = "GIMS.DataAccess", "GIMS.DataAccess\GIMS.DataAccess.csproj", "{225326A3-5471-4D67-9579-FC88BF1F0BB3}"
EndProject
Project("{2150E333-8FDC-42A3-9474-1A3956D46DE8}") = "Specs", "Specs", "{2475CC18-70C4-4B74-9373-B630ACFA9B4E}"
EndProject
Project("{FAE04EC0-301F-11D3-BF4B-00C04F79EFBC}") = "GIMS.Specs", "GIMS.Specs\GIMS.Specs.csproj", "{8A7D217A-3E10-45AA-A067-628DF57138C0}"
EndProject
Project("{FAE04EC0-301F-11D3-BF4B-00C04F79EFBC}") = "GIMS.ServiceLayer", "GIMS.ServiceLayer\GIMS.ServiceLayer.csproj", "{D9CCBAB2-DF19-4996-A5C6-C59114B3E34C}"
EndProject
Project("{FAE04EC0-301F-11D3-BF4B-00C04F79EFBC}") = "GIMS.Repository", "GIMS.Repository\GIMS.Repository.csproj", "{B61D1197-4FF6-464B-8DB3-95671D3660AB}"
EndProject
Project("{FAE04EC0-301F-11D3-BF4B-00C04F79EFBC}") = "CodeModel", "CodeModel\CodeModel.csproj", "{79AA087C-C5C1-4EE4-ADD7-A0FA0E582128}"
EndProject
Project("{FAE04EC0-301F-11D3-BF4B-00C04F79EFBC}") = "GIMS.ViewModel", "GIMS.ViewModel\GIMS.ViewModel.csproj", "{EEEA0E1B-FAAD-4F31-97D5-086116C9D24F}"
EndProject
Global
	GlobalSection(SolutionConfigurationPlatforms) = preSolution
		Debug|Any CPU = Debug|Any CPU
		Release|Any CPU = Release|Any CPU
	EndGlobalSection
	GlobalSection(ProjectConfigurationPlatforms) = postSolution
		{7F1C55B4-788E-4F81-9648-1F6B78A512D2}.Debug|Any CPU.ActiveCfg = Debug|Any CPU
		{7F1C55B4-788E-4F81-9648-1F6B78A512D2}.Debug|Any CPU.Build.0 = Debug|Any CPU
		{7F1C55B4-788E-4F81-9648-1F6B78A512D2}.Release|Any CPU.ActiveCfg = Release|Any CPU
		{7F1C55B4-788E-4F81-9648-1F6B78A512D2}.Release|Any CPU.Build.0 = Release|Any CPU
		{EDB164D8-9B39-4A1B-81C2-A6F1F45DAD6C}.Debug|Any CPU.ActiveCfg = Debug|Any CPU
		{EDB164D8-9B39-4A1B-81C2-A6F1F45DAD6C}.Debug|Any CPU.Build.0 = Debug|Any CPU
		{EDB164D8-9B39-4A1B-81C2-A6F1F45DAD6C}.Release|Any CPU.ActiveCfg = Release|Any CPU
		{EDB164D8-9B39-4A1B-81C2-A6F1F45DAD6C}.Release|Any CPU.Build.0 = Release|Any CPU
		{1913DC9A-E4C9-4FAB-BED0-88E0B525877D}.Debug|Any CPU.ActiveCfg = Debug|Any CPU
		{1913DC9A-E4C9-4FAB-BED0-88E0B525877D}.Debug|Any CPU.Build.0 = Debug|Any CPU
		{1913DC9A-E4C9-4FAB-BED0-88E0B525877D}.Release|Any CPU.ActiveCfg = Release|Any CPU
		{1913DC9A-E4C9-4FAB-BED0-88E0B525877D}.Release|Any CPU.Build.0 = Release|Any CPU
		{225326A3-5471-4D67-9579-FC88BF1F0BB3}.Debug|Any CPU.ActiveCfg = Debug|Any CPU
		{225326A3-5471-4D67-9579-FC88BF1F0BB3}.Debug|Any CPU.Build.0 = Debug|Any CPU
		{225326A3-5471-4D67-9579-FC88BF1F0BB3}.Release|Any CPU.ActiveCfg = Release|Any CPU
		{225326A3-5471-4D67-9579-FC88BF1F0BB3}.Release|Any CPU.Build.0 = Release|Any CPU
		{8A7D217A-3E10-45AA-A067-628DF57138C0}.Debug|Any CPU.ActiveCfg = Debug|Any CPU
		{8A7D217A-3E10-45AA-A067-628DF57138C0}.Debug|Any CPU.Build.0 = Debug|Any CPU
		{8A7D217A-3E10-45AA-A067-628DF57138C0}.Release|Any CPU.ActiveCfg = Release|Any CPU
		{8A7D217A-3E10-45AA-A067-628DF57138C0}.Release|Any CPU.Build.0 = Release|Any CPU
		{D9CCBAB2-DF19-4996-A5C6-C59114B3E34C}.Debug|Any CPU.ActiveCfg = Debug|Any CPU
		{D9CCBAB2-DF19-4996-A5C6-C59114B3E34C}.Debug|Any CPU.Build.0 = Debug|Any CPU
		{D9CCBAB2-DF19-4996-A5C6-C59114B3E34C}.Release|Any CPU.ActiveCfg = Release|Any CPU
		{D9CCBAB2-DF19-4996-A5C6-C59114B3E34C}.Release|Any CPU.Build.0 = Release|Any CPU
		{B61D1197-4FF6-464B-8DB3-95671D3660AB}.Debug|Any CPU.ActiveCfg = Debug|Any CPU
		{B61D1197-4FF6-464B-8DB3-95671D3660AB}.Debug|Any CPU.Build.0 = Debug|Any CPU
		{B61D1197-4FF6-464B-8DB3-95671D3660AB}.Release|Any CPU.ActiveCfg = Release|Any CPU
		{B61D1197-4FF6-464B-8DB3-95671D3660AB}.Release|Any CPU.Build.0 = Release|Any CPU
		{79AA087C-C5C1-4EE4-ADD7-A0FA0E582128}.Debug|Any CPU.ActiveCfg = Debug|Any CPU
		{79AA087C-C5C1-4EE4-ADD7-A0FA0E582128}.Debug|Any CPU.Build.0 = Debug|Any CPU
		{79AA087C-C5C1-4EE4-ADD7-A0FA0E582128}.Release|Any CPU.ActiveCfg = Release|Any CPU
		{79AA087C-C5C1-4EE4-ADD7-A0FA0E582128}.Release|Any CPU.Build.0 = Release|Any CPU
		{EEEA0E1B-FAAD-4F31-97D5-086116C9D24F}.Debug|Any CPU.ActiveCfg = Debug|Any CPU
		{EEEA0E1B-FAAD-4F31-97D5-086116C9D24F}.Debug|Any CPU.Build.0 = Debug|Any CPU
		{EEEA0E1B-FAAD-4F31-97D5-086116C9D24F}.Release|Any CPU.ActiveCfg = Release|Any CPU
		{EEEA0E1B-FAAD-4F31-97D5-086116C9D24F}.Release|Any CPU.Build.0 = Release|Any CPU
	EndGlobalSection
	GlobalSection(SolutionProperties) = preSolution
		HideSolutionNode = FALSE
	EndGlobalSection
	GlobalSection(NestedProjects) = preSolution
		{8A7D217A-3E10-45AA-A067-628DF57138C0} = {2475CC18-70C4-4B74-9373-B630ACFA9B4E}
	EndGlobalSection
EndGlobal
